// !$*UTF8*$!
{
	archiveVersion = 1;
	classes = {
	};
	objectVersion = 50;
	objects = {

/* Begin PBXBuildFile section */
		C411CF5525A17285008BEF18 /* UltimatePortfolioApp.swift in Sources */ = {isa = PBXBuildFile; fileRef = C411CF5425A17285008BEF18 /* UltimatePortfolioApp.swift */; };
		C411CF5725A17285008BEF18 /* ContentView.swift in Sources */ = {isa = PBXBuildFile; fileRef = C411CF5625A17285008BEF18 /* ContentView.swift */; };
		C411CF5925A17286008BEF18 /* Assets.xcassets in Resources */ = {isa = PBXBuildFile; fileRef = C411CF5825A17286008BEF18 /* Assets.xcassets */; };
		C411CF5C25A17286008BEF18 /* Preview Assets.xcassets in Resources */ = {isa = PBXBuildFile; fileRef = C411CF5B25A17286008BEF18 /* Preview Assets.xcassets */; };
		C411CF6625A17360008BEF18 /* Main.xcdatamodeld in Sources */ = {isa = PBXBuildFile; fileRef = C411CF6425A17360008BEF18 /* Main.xcdatamodeld */; };
		C411CF6925A17CB9008BEF18 /* DataController.swift in Sources */ = {isa = PBXBuildFile; fileRef = C411CF6825A17CB9008BEF18 /* DataController.swift */; };
		C411CF6F25A1B4F4008BEF18 /* HomeView.swift in Sources */ = {isa = PBXBuildFile; fileRef = C411CF6E25A1B4F4008BEF18 /* HomeView.swift */; };
		C411CF7225A1BF23008BEF18 /* ProjectsView.swift in Sources */ = {isa = PBXBuildFile; fileRef = C411CF7125A1BF23008BEF18 /* ProjectsView.swift */; };
		C411CF7525A22626008BEF18 /* Item-CoreDataHelpers.swift in Sources */ = {isa = PBXBuildFile; fileRef = C411CF7425A22626008BEF18 /* Item-CoreDataHelpers.swift */; };
		C411CF7825A228FE008BEF18 /* Project-CoreDataHelpers.swift in Sources */ = {isa = PBXBuildFile; fileRef = C411CF7725A228FE008BEF18 /* Project-CoreDataHelpers.swift */; };
		C442AEF225AC03A4009A1691 /* EditItemView.swift in Sources */ = {isa = PBXBuildFile; fileRef = C442AEF125AC03A4009A1691 /* EditItemView.swift */; };
		C442AEF525AC0FD4009A1691 /* ItemRowView.swift in Sources */ = {isa = PBXBuildFile; fileRef = C442AEF425AC0FD4009A1691 /* ItemRowView.swift */; };
		C442AEF825AC2C47009A1691 /* Binding-OnChange.swift in Sources */ = {isa = PBXBuildFile; fileRef = C442AEF725AC2C47009A1691 /* Binding-OnChange.swift */; };
		C442AEFB25AC3D99009A1691 /* ProjectHeaderView.swift in Sources */ = {isa = PBXBuildFile; fileRef = C442AEFA25AC3D99009A1691 /* ProjectHeaderView.swift */; };
		C442AEFE25AC4434009A1691 /* Colors.xcassets in Resources */ = {isa = PBXBuildFile; fileRef = C442AEFD25AC4434009A1691 /* Colors.xcassets */; };
		C442AF0125AC45AD009A1691 /* EditProjectView.swift in Sources */ = {isa = PBXBuildFile; fileRef = C442AF0025AC45AD009A1691 /* EditProjectView.swift */; };
		C496FA9825ACE71900F652F0 /* Sequence-Sorting.swift in Sources */ = {isa = PBXBuildFile; fileRef = C496FA9725ACE71900F652F0 /* Sequence-Sorting.swift */; };
		C496FA9B25AD0E8C00F652F0 /* SelectSomethingView.swift in Sources */ = {isa = PBXBuildFile; fileRef = C496FA9A25AD0E8C00F652F0 /* SelectSomethingView.swift */; };
		C496FA9E25AD26F800F652F0 /* Bundle-Decodable.swift in Sources */ = {isa = PBXBuildFile; fileRef = C496FA9D25AD26F800F652F0 /* Bundle-Decodable.swift */; };
		C4E0B9C325AD6D0A00485E11 /* Awards.json in Resources */ = {isa = PBXBuildFile; fileRef = C4E0B9C225AD6D0A00485E11 /* Awards.json */; };
		C4E0B9C625AD6E0700485E11 /* Award.swift in Sources */ = {isa = PBXBuildFile; fileRef = C4E0B9C525AD6E0700485E11 /* Award.swift */; };
		C4E0B9C925AD6FDF00485E11 /* AwardsView.swift in Sources */ = {isa = PBXBuildFile; fileRef = C4E0B9C825AD6FDF00485E11 /* AwardsView.swift */; };
/* End PBXBuildFile section */

/* Begin PBXFileReference section */
		C411CF5125A17285008BEF18 /* UltimatePortfolio.app */ = {isa = PBXFileReference; explicitFileType = wrapper.application; includeInIndex = 0; path = UltimatePortfolio.app; sourceTree = BUILT_PRODUCTS_DIR; };
		C411CF5425A17285008BEF18 /* UltimatePortfolioApp.swift */ = {isa = PBXFileReference; lastKnownFileType = sourcecode.swift; path = UltimatePortfolioApp.swift; sourceTree = "<group>"; };
		C411CF5625A17285008BEF18 /* ContentView.swift */ = {isa = PBXFileReference; lastKnownFileType = sourcecode.swift; path = ContentView.swift; sourceTree = "<group>"; };
		C411CF5825A17286008BEF18 /* Assets.xcassets */ = {isa = PBXFileReference; lastKnownFileType = folder.assetcatalog; path = Assets.xcassets; sourceTree = "<group>"; };
		C411CF5B25A17286008BEF18 /* Preview Assets.xcassets */ = {isa = PBXFileReference; lastKnownFileType = folder.assetcatalog; path = "Preview Assets.xcassets"; sourceTree = "<group>"; };
		C411CF5D25A17286008BEF18 /* Info.plist */ = {isa = PBXFileReference; lastKnownFileType = text.plist.xml; path = Info.plist; sourceTree = "<group>"; };
		C411CF6525A17360008BEF18 /* Main.xcdatamodel */ = {isa = PBXFileReference; lastKnownFileType = wrapper.xcdatamodel; path = Main.xcdatamodel; sourceTree = "<group>"; };
		C411CF6825A17CB9008BEF18 /* DataController.swift */ = {isa = PBXFileReference; lastKnownFileType = sourcecode.swift; path = DataController.swift; sourceTree = "<group>"; };
		C411CF6B25A1B2C9008BEF18 /* UltimatePortfolio.entitlements */ = {isa = PBXFileReference; lastKnownFileType = text.plist.entitlements; path = UltimatePortfolio.entitlements; sourceTree = "<group>"; };
		C411CF6E25A1B4F4008BEF18 /* HomeView.swift */ = {isa = PBXFileReference; lastKnownFileType = sourcecode.swift; path = HomeView.swift; sourceTree = "<group>"; };
		C411CF7125A1BF23008BEF18 /* ProjectsView.swift */ = {isa = PBXFileReference; lastKnownFileType = sourcecode.swift; path = ProjectsView.swift; sourceTree = "<group>"; };
		C411CF7425A22626008BEF18 /* Item-CoreDataHelpers.swift */ = {isa = PBXFileReference; lastKnownFileType = sourcecode.swift; path = "Item-CoreDataHelpers.swift"; sourceTree = "<group>"; };
		C411CF7725A228FE008BEF18 /* Project-CoreDataHelpers.swift */ = {isa = PBXFileReference; lastKnownFileType = sourcecode.swift; path = "Project-CoreDataHelpers.swift"; sourceTree = "<group>"; };
		C442AEF125AC03A4009A1691 /* EditItemView.swift */ = {isa = PBXFileReference; lastKnownFileType = sourcecode.swift; path = EditItemView.swift; sourceTree = "<group>"; };
		C442AEF425AC0FD4009A1691 /* ItemRowView.swift */ = {isa = PBXFileReference; lastKnownFileType = sourcecode.swift; path = ItemRowView.swift; sourceTree = "<group>"; };
		C442AEF725AC2C47009A1691 /* Binding-OnChange.swift */ = {isa = PBXFileReference; lastKnownFileType = sourcecode.swift; path = "Binding-OnChange.swift"; sourceTree = "<group>"; };
		C442AEFA25AC3D99009A1691 /* ProjectHeaderView.swift */ = {isa = PBXFileReference; lastKnownFileType = sourcecode.swift; path = ProjectHeaderView.swift; sourceTree = "<group>"; };
		C442AEFD25AC4434009A1691 /* Colors.xcassets */ = {isa = PBXFileReference; lastKnownFileType = folder.assetcatalog; path = Colors.xcassets; sourceTree = "<group>"; };
		C442AF0025AC45AD009A1691 /* EditProjectView.swift */ = {isa = PBXFileReference; lastKnownFileType = sourcecode.swift; path = EditProjectView.swift; sourceTree = "<group>"; };
		C496FA9725ACE71900F652F0 /* Sequence-Sorting.swift */ = {isa = PBXFileReference; lastKnownFileType = sourcecode.swift; path = "Sequence-Sorting.swift"; sourceTree = "<group>"; };
		C496FA9A25AD0E8C00F652F0 /* SelectSomethingView.swift */ = {isa = PBXFileReference; lastKnownFileType = sourcecode.swift; path = SelectSomethingView.swift; sourceTree = "<group>"; };
		C496FA9D25AD26F800F652F0 /* Bundle-Decodable.swift */ = {isa = PBXFileReference; lastKnownFileType = sourcecode.swift; path = "Bundle-Decodable.swift"; sourceTree = "<group>"; };
		C4E0B9C225AD6D0A00485E11 /* Awards.json */ = {isa = PBXFileReference; fileEncoding = 4; lastKnownFileType = text.json; path = Awards.json; sourceTree = "<group>"; };
		C4E0B9C525AD6E0700485E11 /* Award.swift */ = {isa = PBXFileReference; lastKnownFileType = sourcecode.swift; path = Award.swift; sourceTree = "<group>"; };
		C4E0B9C825AD6FDF00485E11 /* AwardsView.swift */ = {isa = PBXFileReference; lastKnownFileType = sourcecode.swift; path = AwardsView.swift; sourceTree = "<group>"; };
/* End PBXFileReference section */

/* Begin PBXFrameworksBuildPhase section */
		C411CF4E25A17285008BEF18 /* Frameworks */ = {
			isa = PBXFrameworksBuildPhase;
			buildActionMask = 2147483647;
			files = (
			);
			runOnlyForDeploymentPostprocessing = 0;
		};
/* End PBXFrameworksBuildPhase section */

/* Begin PBXGroup section */
		C411CF4825A17285008BEF18 = {
			isa = PBXGroup;
			children = (
				C411CF5325A17285008BEF18 /* UltimatePortfolio */,
				C411CF5225A17285008BEF18 /* Products */,
			);
			sourceTree = "<group>";
		};
		C411CF5225A17285008BEF18 /* Products */ = {
			isa = PBXGroup;
			children = (
				C411CF5125A17285008BEF18 /* UltimatePortfolio.app */,
			);
			name = Products;
			sourceTree = "<group>";
		};
		C411CF5325A17285008BEF18 /* UltimatePortfolio */ = {
			isa = PBXGroup;
			children = (
				C442AF0025AC45AD009A1691 /* EditProjectView.swift */,
				C411CF6B25A1B2C9008BEF18 /* UltimatePortfolio.entitlements */,
				C411CF5425A17285008BEF18 /* UltimatePortfolioApp.swift */,
				C411CF6E25A1B4F4008BEF18 /* HomeView.swift */,
				C411CF7125A1BF23008BEF18 /* ProjectsView.swift */,
				C496FA9A25AD0E8C00F652F0 /* SelectSomethingView.swift */,
				C442AEFA25AC3D99009A1691 /* ProjectHeaderView.swift */,
				C442AEF425AC0FD4009A1691 /* ItemRowView.swift */,
				C442AEF125AC03A4009A1691 /* EditItemView.swift */,
				C442AEF725AC2C47009A1691 /* Binding-OnChange.swift */,
				C411CF7425A22626008BEF18 /* Item-CoreDataHelpers.swift */,
				C411CF7725A228FE008BEF18 /* Project-CoreDataHelpers.swift */,
				C496FA9725ACE71900F652F0 /* Sequence-Sorting.swift */,
				C496FA9D25AD26F800F652F0 /* Bundle-Decodable.swift */,
				C4E0B9C525AD6E0700485E11 /* Award.swift */,
				C4E0B9C825AD6FDF00485E11 /* AwardsView.swift */,
				C411CF5625A17285008BEF18 /* ContentView.swift */,
				C411CF6425A17360008BEF18 /* Main.xcdatamodeld */,
				C411CF6825A17CB9008BEF18 /* DataController.swift */,
				C411CF5825A17286008BEF18 /* Assets.xcassets */,
				C442AEFD25AC4434009A1691 /* Colors.xcassets */,
				C4E0B9C225AD6D0A00485E11 /* Awards.json */,
				C411CF5D25A17286008BEF18 /* Info.plist */,
				C411CF5A25A17286008BEF18 /* Preview Content */,
			);
			path = UltimatePortfolio;
			sourceTree = "<group>";
		};
		C411CF5A25A17286008BEF18 /* Preview Content */ = {
			isa = PBXGroup;
			children = (
				C411CF5B25A17286008BEF18 /* Preview Assets.xcassets */,
			);
			path = "Preview Content";
			sourceTree = "<group>";
		};
/* End PBXGroup section */

/* Begin PBXNativeTarget section */
		C411CF5025A17285008BEF18 /* UltimatePortfolio */ = {
			isa = PBXNativeTarget;
			buildConfigurationList = C411CF6025A17286008BEF18 /* Build configuration list for PBXNativeTarget "UltimatePortfolio" */;
			buildPhases = (
				C411CF4D25A17285008BEF18 /* Sources */,
				C411CF4E25A17285008BEF18 /* Frameworks */,
				C411CF4F25A17285008BEF18 /* Resources */,
			);
			buildRules = (
			);
			dependencies = (
			);
			name = UltimatePortfolio;
			productName = UltimatePortfolio;
			productReference = C411CF5125A17285008BEF18 /* UltimatePortfolio.app */;
			productType = "com.apple.product-type.application";
		};
/* End PBXNativeTarget section */

/* Begin PBXProject section */
		C411CF4925A17285008BEF18 /* Project object */ = {
			isa = PBXProject;
			attributes = {
				LastSwiftUpdateCheck = 1210;
				LastUpgradeCheck = 1210;
				TargetAttributes = {
					C411CF5025A17285008BEF18 = {
						CreatedOnToolsVersion = 12.1;
					};
				};
			};
			buildConfigurationList = C411CF4C25A17285008BEF18 /* Build configuration list for PBXProject "UltimatePortfolio" */;
			compatibilityVersion = "Xcode 9.3";
			developmentRegion = en;
			hasScannedForEncodings = 0;
			knownRegions = (
				en,
				Base,
			);
			mainGroup = C411CF4825A17285008BEF18;
			productRefGroup = C411CF5225A17285008BEF18 /* Products */;
			projectDirPath = "";
			projectRoot = "";
			targets = (
				C411CF5025A17285008BEF18 /* UltimatePortfolio */,
			);
		};
/* End PBXProject section */

/* Begin PBXResourcesBuildPhase section */
		C411CF4F25A17285008BEF18 /* Resources */ = {
			isa = PBXResourcesBuildPhase;
			buildActionMask = 2147483647;
			files = (
				C442AEFE25AC4434009A1691 /* Colors.xcassets in Resources */,
				C4E0B9C325AD6D0A00485E11 /* Awards.json in Resources */,
				C411CF5C25A17286008BEF18 /* Preview Assets.xcassets in Resources */,
				C411CF5925A17286008BEF18 /* Assets.xcassets in Resources */,
			);
			runOnlyForDeploymentPostprocessing = 0;
		};
/* End PBXResourcesBuildPhase section */

/* Begin PBXSourcesBuildPhase section */
		C411CF4D25A17285008BEF18 /* Sources */ = {
			isa = PBXSourcesBuildPhase;
			buildActionMask = 2147483647;
			files = (
				C411CF7225A1BF23008BEF18 /* ProjectsView.swift in Sources */,
				C442AEFB25AC3D99009A1691 /* ProjectHeaderView.swift in Sources */,
				C4E0B9C925AD6FDF00485E11 /* AwardsView.swift in Sources */,
				C411CF6625A17360008BEF18 /* Main.xcdatamodeld in Sources */,
				C411CF7825A228FE008BEF18 /* Project-CoreDataHelpers.swift in Sources */,
				C442AF0125AC45AD009A1691 /* EditProjectView.swift in Sources */,
				C411CF6925A17CB9008BEF18 /* DataController.swift in Sources */,
				C496FA9B25AD0E8C00F652F0 /* SelectSomethingView.swift in Sources */,
				C4E0B9C625AD6E0700485E11 /* Award.swift in Sources */,
				C442AEF525AC0FD4009A1691 /* ItemRowView.swift in Sources */,
				C411CF5725A17285008BEF18 /* ContentView.swift in Sources */,
				C442AEF825AC2C47009A1691 /* Binding-OnChange.swift in Sources */,
				C496FA9825ACE71900F652F0 /* Sequence-Sorting.swift in Sources */,
				C496FA9E25AD26F800F652F0 /* Bundle-Decodable.swift in Sources */,
				C411CF6F25A1B4F4008BEF18 /* HomeView.swift in Sources */,
				C411CF5525A17285008BEF18 /* UltimatePortfolioApp.swift in Sources */,
				C411CF7525A22626008BEF18 /* Item-CoreDataHelpers.swift in Sources */,
				C442AEF225AC03A4009A1691 /* EditItemView.swift in Sources */,
			);
			runOnlyForDeploymentPostprocessing = 0;
		};
/* End PBXSourcesBuildPhase section */

/* Begin XCBuildConfiguration section */
		C411CF5E25A17286008BEF18 /* Debug */ = {
			isa = XCBuildConfiguration;
			buildSettings = {
				ALWAYS_SEARCH_USER_PATHS = NO;
				CLANG_ANALYZER_NONNULL = YES;
				CLANG_ANALYZER_NUMBER_OBJECT_CONVERSION = YES_AGGRESSIVE;
				CLANG_CXX_LANGUAGE_STANDARD = "gnu++14";
				CLANG_CXX_LIBRARY = "libc++";
				CLANG_ENABLE_MODULES = YES;
				CLANG_ENABLE_OBJC_ARC = YES;
				CLANG_ENABLE_OBJC_WEAK = YES;
				CLANG_WARN_BLOCK_CAPTURE_AUTORELEASING = YES;
				CLANG_WARN_BOOL_CONVERSION = YES;
				CLANG_WARN_COMMA = YES;
				CLANG_WARN_CONSTANT_CONVERSION = YES;
				CLANG_WARN_DEPRECATED_OBJC_IMPLEMENTATIONS = YES;
				CLANG_WARN_DIRECT_OBJC_ISA_USAGE = YES_ERROR;
				CLANG_WARN_DOCUMENTATION_COMMENTS = YES;
				CLANG_WARN_EMPTY_BODY = YES;
				CLANG_WARN_ENUM_CONVERSION = YES;
				CLANG_WARN_INFINITE_RECURSION = YES;
				CLANG_WARN_INT_CONVERSION = YES;
				CLANG_WARN_NON_LITERAL_NULL_CONVERSION = YES;
				CLANG_WARN_OBJC_IMPLICIT_RETAIN_SELF = YES;
				CLANG_WARN_OBJC_LITERAL_CONVERSION = YES;
				CLANG_WARN_OBJC_ROOT_CLASS = YES_ERROR;
				CLANG_WARN_QUOTED_INCLUDE_IN_FRAMEWORK_HEADER = YES;
				CLANG_WARN_RANGE_LOOP_ANALYSIS = YES;
				CLANG_WARN_STRICT_PROTOTYPES = YES;
				CLANG_WARN_SUSPICIOUS_MOVE = YES;
				CLANG_WARN_UNGUARDED_AVAILABILITY = YES_AGGRESSIVE;
				CLANG_WARN_UNREACHABLE_CODE = YES;
				CLANG_WARN__DUPLICATE_METHOD_MATCH = YES;
				COPY_PHASE_STRIP = NO;
				DEBUG_INFORMATION_FORMAT = dwarf;
				ENABLE_STRICT_OBJC_MSGSEND = YES;
				ENABLE_TESTABILITY = YES;
				GCC_C_LANGUAGE_STANDARD = gnu11;
				GCC_DYNAMIC_NO_PIC = NO;
				GCC_NO_COMMON_BLOCKS = YES;
				GCC_OPTIMIZATION_LEVEL = 0;
				GCC_PREPROCESSOR_DEFINITIONS = (
					"DEBUG=1",
					"$(inherited)",
				);
				GCC_WARN_64_TO_32_BIT_CONVERSION = YES;
				GCC_WARN_ABOUT_RETURN_TYPE = YES_ERROR;
				GCC_WARN_UNDECLARED_SELECTOR = YES;
				GCC_WARN_UNINITIALIZED_AUTOS = YES_AGGRESSIVE;
				GCC_WARN_UNUSED_FUNCTION = YES;
				GCC_WARN_UNUSED_VARIABLE = YES;
				IPHONEOS_DEPLOYMENT_TARGET = 14.1;
				MTL_ENABLE_DEBUG_INFO = INCLUDE_SOURCE;
				MTL_FAST_MATH = YES;
				ONLY_ACTIVE_ARCH = YES;
				SDKROOT = iphoneos;
				SWIFT_ACTIVE_COMPILATION_CONDITIONS = DEBUG;
				SWIFT_OPTIMIZATION_LEVEL = "-Onone";
			};
			name = Debug;
		};
		C411CF5F25A17286008BEF18 /* Release */ = {
			isa = XCBuildConfiguration;
			buildSettings = {
				ALWAYS_SEARCH_USER_PATHS = NO;
				CLANG_ANALYZER_NONNULL = YES;
				CLANG_ANALYZER_NUMBER_OBJECT_CONVERSION = YES_AGGRESSIVE;
				CLANG_CXX_LANGUAGE_STANDARD = "gnu++14";
				CLANG_CXX_LIBRARY = "libc++";
				CLANG_ENABLE_MODULES = YES;
				CLANG_ENABLE_OBJC_ARC = YES;
				CLANG_ENABLE_OBJC_WEAK = YES;
				CLANG_WARN_BLOCK_CAPTURE_AUTORELEASING = YES;
				CLANG_WARN_BOOL_CONVERSION = YES;
				CLANG_WARN_COMMA = YES;
				CLANG_WARN_CONSTANT_CONVERSION = YES;
				CLANG_WARN_DEPRECATED_OBJC_IMPLEMENTATIONS = YES;
				CLANG_WARN_DIRECT_OBJC_ISA_USAGE = YES_ERROR;
				CLANG_WARN_DOCUMENTATION_COMMENTS = YES;
				CLANG_WARN_EMPTY_BODY = YES;
				CLANG_WARN_ENUM_CONVERSION = YES;
				CLANG_WARN_INFINITE_RECURSION = YES;
				CLANG_WARN_INT_CONVERSION = YES;
				CLANG_WARN_NON_LITERAL_NULL_CONVERSION = YES;
				CLANG_WARN_OBJC_IMPLICIT_RETAIN_SELF = YES;
				CLANG_WARN_OBJC_LITERAL_CONVERSION = YES;
				CLANG_WARN_OBJC_ROOT_CLASS = YES_ERROR;
				CLANG_WARN_QUOTED_INCLUDE_IN_FRAMEWORK_HEADER = YES;
				CLANG_WARN_RANGE_LOOP_ANALYSIS = YES;
				CLANG_WARN_STRICT_PROTOTYPES = YES;
				CLANG_WARN_SUSPICIOUS_MOVE = YES;
				CLANG_WARN_UNGUARDED_AVAILABILITY = YES_AGGRESSIVE;
				CLANG_WARN_UNREACHABLE_CODE = YES;
				CLANG_WARN__DUPLICATE_METHOD_MATCH = YES;
				COPY_PHASE_STRIP = NO;
				DEBUG_INFORMATION_FORMAT = "dwarf-with-dsym";
				ENABLE_NS_ASSERTIONS = NO;
				ENABLE_STRICT_OBJC_MSGSEND = YES;
				GCC_C_LANGUAGE_STANDARD = gnu11;
				GCC_NO_COMMON_BLOCKS = YES;
				GCC_WARN_64_TO_32_BIT_CONVERSION = YES;
				GCC_WARN_ABOUT_RETURN_TYPE = YES_ERROR;
				GCC_WARN_UNDECLARED_SELECTOR = YES;
				GCC_WARN_UNINITIALIZED_AUTOS = YES_AGGRESSIVE;
				GCC_WARN_UNUSED_FUNCTION = YES;
				GCC_WARN_UNUSED_VARIABLE = YES;
				IPHONEOS_DEPLOYMENT_TARGET = 14.1;
				MTL_ENABLE_DEBUG_INFO = NO;
				MTL_FAST_MATH = YES;
				SDKROOT = iphoneos;
				SWIFT_COMPILATION_MODE = wholemodule;
				SWIFT_OPTIMIZATION_LEVEL = "-O";
				VALIDATE_PRODUCT = YES;
			};
			name = Release;
		};
		C411CF6125A17286008BEF18 /* Debug */ = {
			isa = XCBuildConfiguration;
			buildSettings = {
				ASSETCATALOG_COMPILER_APPICON_NAME = AppIcon;
				ASSETCATALOG_COMPILER_GLOBAL_ACCENT_COLOR_NAME = AccentColor;
				CODE_SIGN_ENTITLEMENTS = UltimatePortfolio/UltimatePortfolio.entitlements;
				CODE_SIGN_STYLE = Automatic;
				DEVELOPMENT_ASSET_PATHS = "\"UltimatePortfolio/Preview Content\"";
				DEVELOPMENT_TEAM = 274245Q59F;
				ENABLE_PREVIEWS = YES;
				INFOPLIST_FILE = UltimatePortfolio/Info.plist;
				IPHONEOS_DEPLOYMENT_TARGET = 14.0;
				LD_RUNPATH_SEARCH_PATHS = (
					"$(inherited)",
					"@executable_path/Frameworks",
				);
				PRODUCT_BUNDLE_IDENTIFIER = Jackie.UltimatePortfolio;
				PRODUCT_NAME = "$(TARGET_NAME)";
				SWIFT_VERSION = 5.0;
				TARGETED_DEVICE_FAMILY = "1,2";
			};
			name = Debug;
		};
		C411CF6225A17286008BEF18 /* Release */ = {
			isa = XCBuildConfiguration;
			buildSettings = {
				ASSETCATALOG_COMPILER_APPICON_NAME = AppIcon;
				ASSETCATALOG_COMPILER_GLOBAL_ACCENT_COLOR_NAME = AccentColor;
				CODE_SIGN_ENTITLEMENTS = UltimatePortfolio/UltimatePortfolio.entitlements;
				CODE_SIGN_STYLE = Automatic;
				DEVELOPMENT_ASSET_PATHS = "\"UltimatePortfolio/Preview Content\"";
				DEVELOPMENT_TEAM = 274245Q59F;
				ENABLE_PREVIEWS = YES;
				INFOPLIST_FILE = UltimatePortfolio/Info.plist;
				IPHONEOS_DEPLOYMENT_TARGET = 14.0;
				LD_RUNPATH_SEARCH_PATHS = (
					"$(inherited)",
					"@executable_path/Frameworks",
				);
				PRODUCT_BUNDLE_IDENTIFIER = Jackie.UltimatePortfolio;
				PRODUCT_NAME = "$(TARGET_NAME)";
				SWIFT_VERSION = 5.0;
				TARGETED_DEVICE_FAMILY = "1,2";
			};
			name = Release;
		};
/* End XCBuildConfiguration section */

/* Begin XCConfigurationList section */
		C411CF4C25A17285008BEF18 /* Build configuration list for PBXProject "UltimatePortfolio" */ = {
			isa = XCConfigurationList;
			buildConfigurations = (
				C411CF5E25A17286008BEF18 /* Debug */,
				C411CF5F25A17286008BEF18 /* Release */,
			);
			defaultConfigurationIsVisible = 0;
			defaultConfigurationName = Release;
		};
		C411CF6025A17286008BEF18 /* Build configuration list for PBXNativeTarget "UltimatePortfolio" */ = {
			isa = XCConfigurationList;
			buildConfigurations = (
				C411CF6125A17286008BEF18 /* Debug */,
				C411CF6225A17286008BEF18 /* Release */,
			);
			defaultConfigurationIsVisible = 0;
			defaultConfigurationName = Release;
		};
/* End XCConfigurationList section */

/* Begin XCVersionGroup section */
		C411CF6425A17360008BEF18 /* Main.xcdatamodeld */ = {
			isa = XCVersionGroup;
			children = (
				C411CF6525A17360008BEF18 /* Main.xcdatamodel */,
			);
			currentVersion = C411CF6525A17360008BEF18 /* Main.xcdatamodel */;
			path = Main.xcdatamodeld;
			sourceTree = "<group>";
			versionGroupType = wrapper.xcdatamodel;
		};
/* End XCVersionGroup section */
	};
	rootObject = C411CF4925A17285008BEF18 /* Project object */;
}
